
Microsoft Visual Studio Solution File, Format Version 12.00
# Visual Studio Version 16
VisualStudioVersion = 16.0.30406.217
MinimumVisualStudioVersion = 10.0.40219.1
Project("{2150E333-8FDC-42A3-9474-1A3956D46DE8}") = "Test", "Test", "{2DE2283A-6E37-459F-9E51-B3388AAD2ED4}"
EndProject
Project("{2150E333-8FDC-42A3-9474-1A3956D46DE8}") = "ChargeApi", "ChargeApi", "{B42A3D61-F77B-4211-8066-0EA81854004D}"
EndProject
Project("{2150E333-8FDC-42A3-9474-1A3956D46DE8}") = "ChargeRepositoryService", "ChargeRepositoryService", "{E4FFB0CB-9D48-4C22-9DCC-12D661CA034B}"
EndProject
Project("{9A19103F-16F7-4668-BE54-9A1E7A4F7556}") = "Charge.Repository.Service.Business", "ChargeRepositoryService\Charge.Repository.Service.Business\Charge.Repository.Service.Business.csproj", "{640D7C76-C075-4609-AC71-965F0B35B1B0}"
EndProject
Project("{9A19103F-16F7-4668-BE54-9A1E7A4F7556}") = "Charges.Action", "ChargeApi\Cobros.Action\Charges.Action.csproj", "{C7989B21-ECFE-45B9-8704-47E0CFFFF1A1}"
EndProject
Project("{9A19103F-16F7-4668-BE54-9A1E7A4F7556}") = "Charges.API", "ChargeApi\Cobros.API\Charges.API.csproj", "{B8C4C46E-B4B5-4253-A9DE-3CCB6F54418B}"
EndProject
Project("{9A19103F-16F7-4668-BE54-9A1E7A4F7556}") = "Charges.Business", "ChargeApi\Cobros.Business\Charges.Business.csproj", "{CEEDD988-0AD6-4009-8583-79E5A9110F20}"
EndProject
Project("{9A19103F-16F7-4668-BE54-9A1E7A4F7556}") = "Charges.Repository.Service.Client", "ChargeApi\Chargues.Repository.Service.Client\Charges.Repository.Service.Client.csproj", "{0442EEE7-D844-4068-9AF7-5CE0B3291083}"
EndProject
Project("{9A19103F-16F7-4668-BE54-9A1E7A4F7556}") = "Charge.Repository.Service", "ChargeRepositoryService\Charge.Repository.Service\Charge.Repository.Service.csproj", "{83E7FD29-6C7B-4405-A23C-CA11A1C2E053}"
EndProject
Project("{9A19103F-16F7-4668-BE54-9A1E7A4F7556}") = "Charge.Repository.Service.Repository.Entity", "ChargeRepositoryService\Charge.Repository.Service.Repository.Entity\Charge.Repository.Service.Repository.Entity.csproj", "{15281051-A810-4AE2-9530-D52F9227675F}"
EndProject
Project("{9A19103F-16F7-4668-BE54-9A1E7A4F7556}") = "Charge.Repository.Service.Repository", "ChargeRepositoryService\Charge.Repository.Service.Repository\Charge.Repository.Service.Repository.csproj", "{DFA8F9DD-E82F-4547-ADBC-1EF6BB418EC6}"
EndProject
Project("{9A19103F-16F7-4668-BE54-9A1E7A4F7556}") = "Charge.Activity.Service.Client", "ChargeApi\Charge.Activity.Service.Client\Charge.Activity.Service.Client.csproj", "{37FE17C5-B05B-43F1-B559-9C063988380F}"
EndProject
Project("{2150E333-8FDC-42A3-9474-1A3956D46DE8}") = "ChargeActivityService", "ChargeActivityService", "{3BB614F3-1965-4CEE-998F-6700D82CE939}"
EndProject
Project("{9A19103F-16F7-4668-BE54-9A1E7A4F7556}") = "Charge.Activity.Service", "ChargeActivityService\Charge.Activity.Service\Charge.Activity.Service.csproj", "{FFD9CC7F-BC6F-4134-86DC-3AA171EC6D9F}"
EndProject
Project("{2150E333-8FDC-42A3-9474-1A3956D46DE8}") = "ChargeActivityService", "ChargeActivityService", "{39C5BC75-C5EB-45CF-9503-68916C7C02BF}"
EndProject
Project("{2150E333-8FDC-42A3-9474-1A3956D46DE8}") = "ChargeApi", "ChargeApi", "{EA545DF2-1738-440A-82A4-B7DEFE02B205}"
EndProject
Project("{2150E333-8FDC-42A3-9474-1A3956D46DE8}") = "ChargeRepositoryService", "ChargeRepositoryService", "{37E99EEC-F8F2-4821-9A6C-FD0C5364A04D}"
EndProject
Project("{9A19103F-16F7-4668-BE54-9A1E7A4F7556}") = "Charge.Repository.Service.Controller.Test", "Test\ChargeRepositoryService\Charge.Repository.Service.Test\Charge.Repository.Service.Controller.Test.csproj", "{16A557BE-D7C0-4602-B589-2A7A2D33F489}"
EndProject
Project("{9A19103F-16F7-4668-BE54-9A1E7A4F7556}") = "Charge.Repository.Service.Repository.Test", "Test\ChargeRepositoryService\Charge.Repository.Service.Repository.Test\Charge.Repository.Service.Repository.Test.csproj", "{B2245821-098B-4F3C-A894-1F5B10981A10}"
EndProject
Project("{9A19103F-16F7-4668-BE54-9A1E7A4F7556}") = "Charges.Repository.Service.Client.Test", "Test\ChargeApi\Charges.Repository.Service.Client.Test\Charges.Repository.Service.Client.Test.csproj", "{13DD83FD-FDD6-431F-8CEB-280E4E6FDBD2}"
EndProject
Project("{9A19103F-16F7-4668-BE54-9A1E7A4F7556}") = "Charges.Action.Test", "Test\ChargeApi\Cobros.Action.Test\Charges.Action.Test.csproj", "{9ADCE923-CF8C-4961-B6A8-13EE48715F50}"
EndProject
Project("{9A19103F-16F7-4668-BE54-9A1E7A4F7556}") = "Charges.Controllers.Test", "Test\ChargeApi\Cobros.Controllers.Test\Charges.Controllers.Test.csproj", "{D43A95C7-672C-484A-82A2-0340CAED5EBC}"
EndProject
Project("{9A19103F-16F7-4668-BE54-9A1E7A4F7556}") = "Charge.Activity.Service.Client.Test", "Test\ChargeApi\Charge.Activity.Service.Client.Test\Charge.Activity.Service.Client.Test.csproj", "{01672BC9-67D6-4B6D-A448-9762E8B31765}"
EndProject
Project("{9A19103F-16F7-4668-BE54-9A1E7A4F7556}") = "Charge.Activity.Service.Controller.Test", "Test\ChargeActivityService\Charge.Activity.Service.Controller.Test\Charge.Activity.Service.Controller.Test.csproj", "{F4EEED9F-C0F4-4606-A769-9AC4A3A039F9}"
EndProject
Project("{FAE04EC0-301F-11D3-BF4B-00C04F79EFBC}") = "Charge.Activity.Service.Repository.Test", "Test\ChargeActivityService\Charge.Activity.Service.Repository.Test\Charge.Activity.Service.Repository.Test.csproj", "{0BD427E2-B0EB-4EDB-B251-8A83BD486DDA}"
EndProject
Project("{FAE04EC0-301F-11D3-BF4B-00C04F79EFBC}") = "Charge.Activity.Service.Repository.Entity", "ChargeActivityService\Charge.Activity.Service.Repository\Charge.Activity.Service.Repository.Entity.csproj", "{38715842-F6A4-4D60-AC92-529D358A663C}"
EndProject
Global
	GlobalSection(SolutionConfigurationPlatforms) = preSolution
		Debug|Any CPU = Debug|Any CPU
		Release|Any CPU = Release|Any CPU
	EndGlobalSection
	GlobalSection(ProjectConfigurationPlatforms) = postSolution
		{640D7C76-C075-4609-AC71-965F0B35B1B0}.Debug|Any CPU.ActiveCfg = Debug|Any CPU
		{640D7C76-C075-4609-AC71-965F0B35B1B0}.Debug|Any CPU.Build.0 = Debug|Any CPU
		{640D7C76-C075-4609-AC71-965F0B35B1B0}.Release|Any CPU.ActiveCfg = Release|Any CPU
		{640D7C76-C075-4609-AC71-965F0B35B1B0}.Release|Any CPU.Build.0 = Release|Any CPU
		{C7989B21-ECFE-45B9-8704-47E0CFFFF1A1}.Debug|Any CPU.ActiveCfg = Debug|Any CPU
		{C7989B21-ECFE-45B9-8704-47E0CFFFF1A1}.Debug|Any CPU.Build.0 = Debug|Any CPU
		{C7989B21-ECFE-45B9-8704-47E0CFFFF1A1}.Release|Any CPU.ActiveCfg = Release|Any CPU
		{C7989B21-ECFE-45B9-8704-47E0CFFFF1A1}.Release|Any CPU.Build.0 = Release|Any CPU
		{B8C4C46E-B4B5-4253-A9DE-3CCB6F54418B}.Debug|Any CPU.ActiveCfg = Debug|Any CPU
		{B8C4C46E-B4B5-4253-A9DE-3CCB6F54418B}.Debug|Any CPU.Build.0 = Debug|Any CPU
		{B8C4C46E-B4B5-4253-A9DE-3CCB6F54418B}.Release|Any CPU.ActiveCfg = Release|Any CPU
		{B8C4C46E-B4B5-4253-A9DE-3CCB6F54418B}.Release|Any CPU.Build.0 = Release|Any CPU
		{CEEDD988-0AD6-4009-8583-79E5A9110F20}.Debug|Any CPU.ActiveCfg = Debug|Any CPU
		{CEEDD988-0AD6-4009-8583-79E5A9110F20}.Debug|Any CPU.Build.0 = Debug|Any CPU
		{CEEDD988-0AD6-4009-8583-79E5A9110F20}.Release|Any CPU.ActiveCfg = Release|Any CPU
		{CEEDD988-0AD6-4009-8583-79E5A9110F20}.Release|Any CPU.Build.0 = Release|Any CPU
		{0442EEE7-D844-4068-9AF7-5CE0B3291083}.Debug|Any CPU.ActiveCfg = Debug|Any CPU
		{0442EEE7-D844-4068-9AF7-5CE0B3291083}.Debug|Any CPU.Build.0 = Debug|Any CPU
		{0442EEE7-D844-4068-9AF7-5CE0B3291083}.Release|Any CPU.ActiveCfg = Release|Any CPU
		{0442EEE7-D844-4068-9AF7-5CE0B3291083}.Release|Any CPU.Build.0 = Release|Any CPU
		{83E7FD29-6C7B-4405-A23C-CA11A1C2E053}.Debug|Any CPU.ActiveCfg = Debug|Any CPU
		{83E7FD29-6C7B-4405-A23C-CA11A1C2E053}.Debug|Any CPU.Build.0 = Debug|Any CPU
		{83E7FD29-6C7B-4405-A23C-CA11A1C2E053}.Release|Any CPU.ActiveCfg = Release|Any CPU
		{83E7FD29-6C7B-4405-A23C-CA11A1C2E053}.Release|Any CPU.Build.0 = Release|Any CPU
		{15281051-A810-4AE2-9530-D52F9227675F}.Debug|Any CPU.ActiveCfg = Debug|Any CPU
		{15281051-A810-4AE2-9530-D52F9227675F}.Debug|Any CPU.Build.0 = Debug|Any CPU
		{15281051-A810-4AE2-9530-D52F9227675F}.Release|Any CPU.ActiveCfg = Release|Any CPU
		{15281051-A810-4AE2-9530-D52F9227675F}.Release|Any CPU.Build.0 = Release|Any CPU
		{DFA8F9DD-E82F-4547-ADBC-1EF6BB418EC6}.Debug|Any CPU.ActiveCfg = Debug|Any CPU
		{DFA8F9DD-E82F-4547-ADBC-1EF6BB418EC6}.Debug|Any CPU.Build.0 = Debug|Any CPU
		{DFA8F9DD-E82F-4547-ADBC-1EF6BB418EC6}.Release|Any CPU.ActiveCfg = Release|Any CPU
		{DFA8F9DD-E82F-4547-ADBC-1EF6BB418EC6}.Release|Any CPU.Build.0 = Release|Any CPU
		{37FE17C5-B05B-43F1-B559-9C063988380F}.Debug|Any CPU.ActiveCfg = Debug|Any CPU
		{37FE17C5-B05B-43F1-B559-9C063988380F}.Debug|Any CPU.Build.0 = Debug|Any CPU
		{37FE17C5-B05B-43F1-B559-9C063988380F}.Release|Any CPU.ActiveCfg = Release|Any CPU
		{37FE17C5-B05B-43F1-B559-9C063988380F}.Release|Any CPU.Build.0 = Release|Any CPU
		{FFD9CC7F-BC6F-4134-86DC-3AA171EC6D9F}.Debug|Any CPU.ActiveCfg = Debug|Any CPU
		{FFD9CC7F-BC6F-4134-86DC-3AA171EC6D9F}.Debug|Any CPU.Build.0 = Debug|Any CPU
		{FFD9CC7F-BC6F-4134-86DC-3AA171EC6D9F}.Release|Any CPU.ActiveCfg = Release|Any CPU
		{FFD9CC7F-BC6F-4134-86DC-3AA171EC6D9F}.Release|Any CPU.Build.0 = Release|Any CPU
		{16A557BE-D7C0-4602-B589-2A7A2D33F489}.Debug|Any CPU.ActiveCfg = Debug|Any CPU
		{16A557BE-D7C0-4602-B589-2A7A2D33F489}.Debug|Any CPU.Build.0 = Debug|Any CPU
		{16A557BE-D7C0-4602-B589-2A7A2D33F489}.Release|Any CPU.ActiveCfg = Release|Any CPU
		{16A557BE-D7C0-4602-B589-2A7A2D33F489}.Release|Any CPU.Build.0 = Release|Any CPU
		{B2245821-098B-4F3C-A894-1F5B10981A10}.Debug|Any CPU.ActiveCfg = Debug|Any CPU
		{B2245821-098B-4F3C-A894-1F5B10981A10}.Debug|Any CPU.Build.0 = Debug|Any CPU
		{B2245821-098B-4F3C-A894-1F5B10981A10}.Release|Any CPU.ActiveCfg = Release|Any CPU
		{B2245821-098B-4F3C-A894-1F5B10981A10}.Release|Any CPU.Build.0 = Release|Any CPU
		{13DD83FD-FDD6-431F-8CEB-280E4E6FDBD2}.Debug|Any CPU.ActiveCfg = Debug|Any CPU
		{13DD83FD-FDD6-431F-8CEB-280E4E6FDBD2}.Debug|Any CPU.Build.0 = Debug|Any CPU
		{13DD83FD-FDD6-431F-8CEB-280E4E6FDBD2}.Release|Any CPU.ActiveCfg = Release|Any CPU
		{13DD83FD-FDD6-431F-8CEB-280E4E6FDBD2}.Release|Any CPU.Build.0 = Release|Any CPU
		{9ADCE923-CF8C-4961-B6A8-13EE48715F50}.Debug|Any CPU.ActiveCfg = Debug|Any CPU
		{9ADCE923-CF8C-4961-B6A8-13EE48715F50}.Debug|Any CPU.Build.0 = Debug|Any CPU
		{9ADCE923-CF8C-4961-B6A8-13EE48715F50}.Release|Any CPU.ActiveCfg = Release|Any CPU
		{9ADCE923-CF8C-4961-B6A8-13EE48715F50}.Release|Any CPU.Build.0 = Release|Any CPU
		{D43A95C7-672C-484A-82A2-0340CAED5EBC}.Debug|Any CPU.ActiveCfg = Debug|Any CPU
		{D43A95C7-672C-484A-82A2-0340CAED5EBC}.Debug|Any CPU.Build.0 = Debug|Any CPU
		{D43A95C7-672C-484A-82A2-0340CAED5EBC}.Release|Any CPU.ActiveCfg = Release|Any CPU
		{D43A95C7-672C-484A-82A2-0340CAED5EBC}.Release|Any CPU.Build.0 = Release|Any CPU
		{01672BC9-67D6-4B6D-A448-9762E8B31765}.Debug|Any CPU.ActiveCfg = Debug|Any CPU
		{01672BC9-67D6-4B6D-A448-9762E8B31765}.Debug|Any CPU.Build.0 = Debug|Any CPU
		{01672BC9-67D6-4B6D-A448-9762E8B31765}.Release|Any CPU.ActiveCfg = Release|Any CPU
		{01672BC9-67D6-4B6D-A448-9762E8B31765}.Release|Any CPU.Build.0 = Release|Any CPU
		{F4EEED9F-C0F4-4606-A769-9AC4A3A039F9}.Debug|Any CPU.ActiveCfg = Debug|Any CPU
		{F4EEED9F-C0F4-4606-A769-9AC4A3A039F9}.Debug|Any CPU.Build.0 = Debug|Any CPU
		{F4EEED9F-C0F4-4606-A769-9AC4A3A039F9}.Release|Any CPU.ActiveCfg = Release|Any CPU
		{F4EEED9F-C0F4-4606-A769-9AC4A3A039F9}.Release|Any CPU.Build.0 = Release|Any CPU
		{0BD427E2-B0EB-4EDB-B251-8A83BD486DDA}.Debug|Any CPU.ActiveCfg = Debug|Any CPU
		{0BD427E2-B0EB-4EDB-B251-8A83BD486DDA}.Debug|Any CPU.Build.0 = Debug|Any CPU
		{0BD427E2-B0EB-4EDB-B251-8A83BD486DDA}.Release|Any CPU.ActiveCfg = Release|Any CPU
		{0BD427E2-B0EB-4EDB-B251-8A83BD486DDA}.Release|Any CPU.Build.0 = Release|Any CPU
		{38715842-F6A4-4D60-AC92-529D358A663C}.Debug|Any CPU.ActiveCfg = Debug|Any CPU
		{38715842-F6A4-4D60-AC92-529D358A663C}.Debug|Any CPU.Build.0 = Debug|Any CPU
		{38715842-F6A4-4D60-AC92-529D358A663C}.Release|Any CPU.ActiveCfg = Release|Any CPU
		{38715842-F6A4-4D60-AC92-529D358A663C}.Release|Any CPU.Build.0 = Release|Any CPU
	EndGlobalSection
	GlobalSection(SolutionProperties) = preSolution
		HideSolutionNode = FALSE
	EndGlobalSection
	GlobalSection(NestedProjects) = preSolution
		{640D7C76-C075-4609-AC71-965F0B35B1B0} = {E4FFB0CB-9D48-4C22-9DCC-12D661CA034B}
		{C7989B21-ECFE-45B9-8704-47E0CFFFF1A1} = {B42A3D61-F77B-4211-8066-0EA81854004D}
		{B8C4C46E-B4B5-4253-A9DE-3CCB6F54418B} = {B42A3D61-F77B-4211-8066-0EA81854004D}
		{CEEDD988-0AD6-4009-8583-79E5A9110F20} = {B42A3D61-F77B-4211-8066-0EA81854004D}
		{0442EEE7-D844-4068-9AF7-5CE0B3291083} = {B42A3D61-F77B-4211-8066-0EA81854004D}
		{83E7FD29-6C7B-4405-A23C-CA11A1C2E053} = {E4FFB0CB-9D48-4C22-9DCC-12D661CA034B}
		{15281051-A810-4AE2-9530-D52F9227675F} = {E4FFB0CB-9D48-4C22-9DCC-12D661CA034B}
		{DFA8F9DD-E82F-4547-ADBC-1EF6BB418EC6} = {E4FFB0CB-9D48-4C22-9DCC-12D661CA034B}
		{37FE17C5-B05B-43F1-B559-9C063988380F} = {B42A3D61-F77B-4211-8066-0EA81854004D}
		{FFD9CC7F-BC6F-4134-86DC-3AA171EC6D9F} = {3BB614F3-1965-4CEE-998F-6700D82CE939}
		{39C5BC75-C5EB-45CF-9503-68916C7C02BF} = {2DE2283A-6E37-459F-9E51-B3388AAD2ED4}
		{EA545DF2-1738-440A-82A4-B7DEFE02B205} = {2DE2283A-6E37-459F-9E51-B3388AAD2ED4}
		{37E99EEC-F8F2-4821-9A6C-FD0C5364A04D} = {2DE2283A-6E37-459F-9E51-B3388AAD2ED4}
		{16A557BE-D7C0-4602-B589-2A7A2D33F489} = {37E99EEC-F8F2-4821-9A6C-FD0C5364A04D}
		{B2245821-098B-4F3C-A894-1F5B10981A10} = {37E99EEC-F8F2-4821-9A6C-FD0C5364A04D}
		{13DD83FD-FDD6-431F-8CEB-280E4E6FDBD2} = {EA545DF2-1738-440A-82A4-B7DEFE02B205}
		{9ADCE923-CF8C-4961-B6A8-13EE48715F50} = {EA545DF2-1738-440A-82A4-B7DEFE02B205}
		{D43A95C7-672C-484A-82A2-0340CAED5EBC} = {EA545DF2-1738-440A-82A4-B7DEFE02B205}
		{01672BC9-67D6-4B6D-A448-9762E8B31765} = {EA545DF2-1738-440A-82A4-B7DEFE02B205}
		{F4EEED9F-C0F4-4606-A769-9AC4A3A039F9} = {39C5BC75-C5EB-45CF-9503-68916C7C02BF}
		{0BD427E2-B0EB-4EDB-B251-8A83BD486DDA} = {39C5BC75-C5EB-45CF-9503-68916C7C02BF}
		{38715842-F6A4-4D60-AC92-529D358A663C} = {3BB614F3-1965-4CEE-998F-6700D82CE939}
	EndGlobalSection
	GlobalSection(ExtensibilityGlobals) = postSolution
		SolutionGuid = {9F80D850-3F20-4972-88C7-4D6956DC2E09}
	EndGlobalSection
EndGlobal
