
Microsoft Visual Studio Solution File, Format Version 12.00
# Visual Studio Version 16
VisualStudioVersion = 16.0.30406.217
MinimumVisualStudioVersion = 10.0.40219.1
Project("{9A19103F-16F7-4668-BE54-9A1E7A4F7556}") = "Cobros.Business", "Cobros.Business\Cobros.Business.csproj", "{10B71852-F78D-47C5-9119-E59BED97FB53}"
EndProject
Project("{FAE04EC0-301F-11D3-BF4B-00C04F79EFBC}") = "Cobros.API", "Cobros.API\Cobros.API.csproj", "{C875C8B4-C1CC-48EF-ACE1-ECC7CA0B8EE1}"
EndProject
Project("{2150E333-8FDC-42A3-9474-1A3956D46DE8}") = "Test", "Test", "{2DE2283A-6E37-459F-9E51-B3388AAD2ED4}"
EndProject
Project("{9A19103F-16F7-4668-BE54-9A1E7A4F7556}") = "Cobros.Controllers.Test", "Test\Cobros.Controllers.Test\Cobros.Controllers.Test.csproj", "{702306CF-126D-4FA4-B903-CE4B28264792}"
EndProject
Project("{FAE04EC0-301F-11D3-BF4B-00C04F79EFBC}") = "Cobros.Action.Test", "Test\Cobros.Action.Test\Cobros.Action.Test.csproj", "{371088AB-D365-42A3-A751-1306032722FD}"
EndProject
Project("{FAE04EC0-301F-11D3-BF4B-00C04F79EFBC}") = "Cobros.Action", "Cobros.Action\Cobros.Action.csproj", "{CA2D292E-8487-438D-BA83-5088D3CA44AF}"
EndProject
Project("{FAE04EC0-301F-11D3-BF4B-00C04F79EFBC}") = "Charges.Repository.Service.Client", "Chargues.Repository.Service.Client\Charges.Repository.Service.Client.csproj", "{7AC1D2DB-7789-4D56-9C96-657C90B3620B}"
EndProject
Global
	GlobalSection(SolutionConfigurationPlatforms) = preSolution
		Debug|Any CPU = Debug|Any CPU
		Release|Any CPU = Release|Any CPU
	EndGlobalSection
	GlobalSection(ProjectConfigurationPlatforms) = postSolution
		{10B71852-F78D-47C5-9119-E59BED97FB53}.Debug|Any CPU.ActiveCfg = Debug|Any CPU
		{10B71852-F78D-47C5-9119-E59BED97FB53}.Debug|Any CPU.Build.0 = Debug|Any CPU
		{10B71852-F78D-47C5-9119-E59BED97FB53}.Release|Any CPU.ActiveCfg = Release|Any CPU
		{10B71852-F78D-47C5-9119-E59BED97FB53}.Release|Any CPU.Build.0 = Release|Any CPU
		{C875C8B4-C1CC-48EF-ACE1-ECC7CA0B8EE1}.Debug|Any CPU.ActiveCfg = Debug|Any CPU
		{C875C8B4-C1CC-48EF-ACE1-ECC7CA0B8EE1}.Debug|Any CPU.Build.0 = Debug|Any CPU
		{C875C8B4-C1CC-48EF-ACE1-ECC7CA0B8EE1}.Release|Any CPU.ActiveCfg = Release|Any CPU
		{C875C8B4-C1CC-48EF-ACE1-ECC7CA0B8EE1}.Release|Any CPU.Build.0 = Release|Any CPU
		{702306CF-126D-4FA4-B903-CE4B28264792}.Debug|Any CPU.ActiveCfg = Debug|Any CPU
		{702306CF-126D-4FA4-B903-CE4B28264792}.Debug|Any CPU.Build.0 = Debug|Any CPU
		{702306CF-126D-4FA4-B903-CE4B28264792}.Release|Any CPU.ActiveCfg = Release|Any CPU
		{702306CF-126D-4FA4-B903-CE4B28264792}.Release|Any CPU.Build.0 = Release|Any CPU
		{371088AB-D365-42A3-A751-1306032722FD}.Debug|Any CPU.ActiveCfg = Debug|Any CPU
		{371088AB-D365-42A3-A751-1306032722FD}.Debug|Any CPU.Build.0 = Debug|Any CPU
		{371088AB-D365-42A3-A751-1306032722FD}.Release|Any CPU.ActiveCfg = Release|Any CPU
		{371088AB-D365-42A3-A751-1306032722FD}.Release|Any CPU.Build.0 = Release|Any CPU
		{CA2D292E-8487-438D-BA83-5088D3CA44AF}.Debug|Any CPU.ActiveCfg = Debug|Any CPU
		{CA2D292E-8487-438D-BA83-5088D3CA44AF}.Debug|Any CPU.Build.0 = Debug|Any CPU
		{CA2D292E-8487-438D-BA83-5088D3CA44AF}.Release|Any CPU.ActiveCfg = Release|Any CPU
		{CA2D292E-8487-438D-BA83-5088D3CA44AF}.Release|Any CPU.Build.0 = Release|Any CPU
		{7AC1D2DB-7789-4D56-9C96-657C90B3620B}.Debug|Any CPU.ActiveCfg = Debug|Any CPU
		{7AC1D2DB-7789-4D56-9C96-657C90B3620B}.Debug|Any CPU.Build.0 = Debug|Any CPU
		{7AC1D2DB-7789-4D56-9C96-657C90B3620B}.Release|Any CPU.ActiveCfg = Release|Any CPU
		{7AC1D2DB-7789-4D56-9C96-657C90B3620B}.Release|Any CPU.Build.0 = Release|Any CPU
	EndGlobalSection
	GlobalSection(SolutionProperties) = preSolution
		HideSolutionNode = FALSE
	EndGlobalSection
	GlobalSection(NestedProjects) = preSolution
		{702306CF-126D-4FA4-B903-CE4B28264792} = {2DE2283A-6E37-459F-9E51-B3388AAD2ED4}
		{371088AB-D365-42A3-A751-1306032722FD} = {2DE2283A-6E37-459F-9E51-B3388AAD2ED4}
	EndGlobalSection
	GlobalSection(ExtensibilityGlobals) = postSolution
		SolutionGuid = {9F80D850-3F20-4972-88C7-4D6956DC2E09}
	EndGlobalSection
EndGlobal
